// !$*UTF8*$!
{
	archiveVersion = 1;
	classes = {
	};
	objectVersion = 56;
	objects = {

/* Begin PBXBuildFile section */
		3C7B73674E009A4BE809C097 /* Pods_News_365_News_365UITests.framework in Frameworks */ = {isa = PBXBuildFile; fileRef = B51ED981A56AB04964F6727D /* Pods_News_365_News_365UITests.framework */; };
		9D2371F733270456BA977188 /* Pods_News_365Tests.framework in Frameworks */ = {isa = PBXBuildFile; fileRef = BADB856012A870743E2E77FD /* Pods_News_365Tests.framework */; };
		E207F1482A96B7CE00E8EF58 /* Artical.swift in Sources */ = {isa = PBXBuildFile; fileRef = E207F1472A96B7CE00E8EF58 /* Artical.swift */; };
		E207F14A2A96B7DC00E8EF58 /* News.swift in Sources */ = {isa = PBXBuildFile; fileRef = E207F1492A96B7DC00E8EF58 /* News.swift */; };
		E207F14E2A96B7FA00E8EF58 /* Source.swift in Sources */ = {isa = PBXBuildFile; fileRef = E207F14D2A96B7FA00E8EF58 /* Source.swift */; };
		E2CE9F0C2A950E9900A320E9 /* AppDelegate.swift in Sources */ = {isa = PBXBuildFile; fileRef = E2CE9F0B2A950E9900A320E9 /* AppDelegate.swift */; };
		E2CE9F0E2A950E9900A320E9 /* SceneDelegate.swift in Sources */ = {isa = PBXBuildFile; fileRef = E2CE9F0D2A950E9900A320E9 /* SceneDelegate.swift */; };
		E2CE9F102A950E9900A320E9 /* ViewController.swift in Sources */ = {isa = PBXBuildFile; fileRef = E2CE9F0F2A950E9900A320E9 /* ViewController.swift */; };
		E2CE9F132A950E9900A320E9 /* Main.storyboard in Resources */ = {isa = PBXBuildFile; fileRef = E2CE9F112A950E9900A320E9 /* Main.storyboard */; };
		E2CE9F162A950E9900A320E9 /* News_365.xcdatamodeld in Sources */ = {isa = PBXBuildFile; fileRef = E2CE9F142A950E9900A320E9 /* News_365.xcdatamodeld */; };
		E2CE9F182A950E9C00A320E9 /* Assets.xcassets in Resources */ = {isa = PBXBuildFile; fileRef = E2CE9F172A950E9C00A320E9 /* Assets.xcassets */; };
		E2CE9F1B2A950E9C00A320E9 /* LaunchScreen.storyboard in Resources */ = {isa = PBXBuildFile; fileRef = E2CE9F192A950E9C00A320E9 /* LaunchScreen.storyboard */; };
		E2CE9F262A950E9D00A320E9 /* News_365Tests.swift in Sources */ = {isa = PBXBuildFile; fileRef = E2CE9F252A950E9D00A320E9 /* News_365Tests.swift */; };
		E2CE9F302A950E9D00A320E9 /* News_365UITests.swift in Sources */ = {isa = PBXBuildFile; fileRef = E2CE9F2F2A950E9D00A320E9 /* News_365UITests.swift */; };
		E2CE9F322A950E9D00A320E9 /* News_365UITestsLaunchTests.swift in Sources */ = {isa = PBXBuildFile; fileRef = E2CE9F312A950E9D00A320E9 /* News_365UITestsLaunchTests.swift */; };
		F4E591CA9AEB7513F5423B60 /* Pods_News_365.framework in Frameworks */ = {isa = PBXBuildFile; fileRef = 246F8FE958D8D86A939ABD6E /* Pods_News_365.framework */; };
/* End PBXBuildFile section */

/* Begin PBXContainerItemProxy section */
		E2CE9F222A950E9D00A320E9 /* PBXContainerItemProxy */ = {
			isa = PBXContainerItemProxy;
			containerPortal = E2CE9F002A950E9900A320E9 /* Project object */;
			proxyType = 1;
			remoteGlobalIDString = E2CE9F072A950E9900A320E9;
			remoteInfo = "News-365";
		};
		E2CE9F2C2A950E9D00A320E9 /* PBXContainerItemProxy */ = {
			isa = PBXContainerItemProxy;
			containerPortal = E2CE9F002A950E9900A320E9 /* Project object */;
			proxyType = 1;
			remoteGlobalIDString = E2CE9F072A950E9900A320E9;
			remoteInfo = "News-365";
		};
/* End PBXContainerItemProxy section */

/* Begin PBXFileReference section */
		028392AA1B7D9D5F93443EB5 /* Pods-News-365.debug.xcconfig */ = {isa = PBXFileReference; includeInIndex = 1; lastKnownFileType = text.xcconfig; name = "Pods-News-365.debug.xcconfig"; path = "Target Support Files/Pods-News-365/Pods-News-365.debug.xcconfig"; sourceTree = "<group>"; };
		04B8EDBFCB343FB3673A2EB1 /* Pods-News-365Tests.debug.xcconfig */ = {isa = PBXFileReference; includeInIndex = 1; lastKnownFileType = text.xcconfig; name = "Pods-News-365Tests.debug.xcconfig"; path = "Target Support Files/Pods-News-365Tests/Pods-News-365Tests.debug.xcconfig"; sourceTree = "<group>"; };
		1C0EADC9F3F92F6FC92F1019 /* Pods-News-365-News-365UITests.debug.xcconfig */ = {isa = PBXFileReference; includeInIndex = 1; lastKnownFileType = text.xcconfig; name = "Pods-News-365-News-365UITests.debug.xcconfig"; path = "Target Support Files/Pods-News-365-News-365UITests/Pods-News-365-News-365UITests.debug.xcconfig"; sourceTree = "<group>"; };
		246F8FE958D8D86A939ABD6E /* Pods_News_365.framework */ = {isa = PBXFileReference; explicitFileType = wrapper.framework; includeInIndex = 0; path = Pods_News_365.framework; sourceTree = BUILT_PRODUCTS_DIR; };
		522AF0DDB6FCB212065F08A9 /* Pods-News-365-News-365UITests.release.xcconfig */ = {isa = PBXFileReference; includeInIndex = 1; lastKnownFileType = text.xcconfig; name = "Pods-News-365-News-365UITests.release.xcconfig"; path = "Target Support Files/Pods-News-365-News-365UITests/Pods-News-365-News-365UITests.release.xcconfig"; sourceTree = "<group>"; };
		AD6798510EE0DA7F28F52C7F /* Pods-News-365Tests.release.xcconfig */ = {isa = PBXFileReference; includeInIndex = 1; lastKnownFileType = text.xcconfig; name = "Pods-News-365Tests.release.xcconfig"; path = "Target Support Files/Pods-News-365Tests/Pods-News-365Tests.release.xcconfig"; sourceTree = "<group>"; };
		B51ED981A56AB04964F6727D /* Pods_News_365_News_365UITests.framework */ = {isa = PBXFileReference; explicitFileType = wrapper.framework; includeInIndex = 0; path = Pods_News_365_News_365UITests.framework; sourceTree = BUILT_PRODUCTS_DIR; };
		BADB856012A870743E2E77FD /* Pods_News_365Tests.framework */ = {isa = PBXFileReference; explicitFileType = wrapper.framework; includeInIndex = 0; path = Pods_News_365Tests.framework; sourceTree = BUILT_PRODUCTS_DIR; };
		D5EF342B1C12ACF656820723 /* Pods-News-365.release.xcconfig */ = {isa = PBXFileReference; includeInIndex = 1; lastKnownFileType = text.xcconfig; name = "Pods-News-365.release.xcconfig"; path = "Target Support Files/Pods-News-365/Pods-News-365.release.xcconfig"; sourceTree = "<group>"; };
		E207F1472A96B7CE00E8EF58 /* Artical.swift */ = {isa = PBXFileReference; lastKnownFileType = sourcecode.swift; path = Artical.swift; sourceTree = "<group>"; };
		E207F1492A96B7DC00E8EF58 /* News.swift */ = {isa = PBXFileReference; lastKnownFileType = sourcecode.swift; path = News.swift; sourceTree = "<group>"; };
		E207F14D2A96B7FA00E8EF58 /* Source.swift */ = {isa = PBXFileReference; lastKnownFileType = sourcecode.swift; path = Source.swift; sourceTree = "<group>"; };
		E2CE9F082A950E9900A320E9 /* News-365.app */ = {isa = PBXFileReference; explicitFileType = wrapper.application; includeInIndex = 0; path = "News-365.app"; sourceTree = BUILT_PRODUCTS_DIR; };
		E2CE9F0B2A950E9900A320E9 /* AppDelegate.swift */ = {isa = PBXFileReference; lastKnownFileType = sourcecode.swift; path = AppDelegate.swift; sourceTree = "<group>"; };
		E2CE9F0D2A950E9900A320E9 /* SceneDelegate.swift */ = {isa = PBXFileReference; lastKnownFileType = sourcecode.swift; path = SceneDelegate.swift; sourceTree = "<group>"; };
		E2CE9F0F2A950E9900A320E9 /* ViewController.swift */ = {isa = PBXFileReference; lastKnownFileType = sourcecode.swift; path = ViewController.swift; sourceTree = "<group>"; };
		E2CE9F122A950E9900A320E9 /* Base */ = {isa = PBXFileReference; lastKnownFileType = file.storyboard; name = Base; path = Base.lproj/Main.storyboard; sourceTree = "<group>"; };
		E2CE9F152A950E9900A320E9 /* News_365.xcdatamodel */ = {isa = PBXFileReference; lastKnownFileType = wrapper.xcdatamodel; path = News_365.xcdatamodel; sourceTree = "<group>"; };
		E2CE9F172A950E9C00A320E9 /* Assets.xcassets */ = {isa = PBXFileReference; lastKnownFileType = folder.assetcatalog; path = Assets.xcassets; sourceTree = "<group>"; };
		E2CE9F1A2A950E9C00A320E9 /* Base */ = {isa = PBXFileReference; lastKnownFileType = file.storyboard; name = Base; path = Base.lproj/LaunchScreen.storyboard; sourceTree = "<group>"; };
		E2CE9F1C2A950E9C00A320E9 /* Info.plist */ = {isa = PBXFileReference; lastKnownFileType = text.plist.xml; path = Info.plist; sourceTree = "<group>"; };
		E2CE9F212A950E9D00A320E9 /* News-365Tests.xctest */ = {isa = PBXFileReference; explicitFileType = wrapper.cfbundle; includeInIndex = 0; path = "News-365Tests.xctest"; sourceTree = BUILT_PRODUCTS_DIR; };
		E2CE9F252A950E9D00A320E9 /* News_365Tests.swift */ = {isa = PBXFileReference; lastKnownFileType = sourcecode.swift; path = News_365Tests.swift; sourceTree = "<group>"; };
		E2CE9F2B2A950E9D00A320E9 /* News-365UITests.xctest */ = {isa = PBXFileReference; explicitFileType = wrapper.cfbundle; includeInIndex = 0; path = "News-365UITests.xctest"; sourceTree = BUILT_PRODUCTS_DIR; };
		E2CE9F2F2A950E9D00A320E9 /* News_365UITests.swift */ = {isa = PBXFileReference; lastKnownFileType = sourcecode.swift; path = News_365UITests.swift; sourceTree = "<group>"; };
		E2CE9F312A950E9D00A320E9 /* News_365UITestsLaunchTests.swift */ = {isa = PBXFileReference; lastKnownFileType = sourcecode.swift; path = News_365UITestsLaunchTests.swift; sourceTree = "<group>"; };
/* End PBXFileReference section */

/* Begin PBXFrameworksBuildPhase section */
		E2CE9F052A950E9900A320E9 /* Frameworks */ = {
			isa = PBXFrameworksBuildPhase;
			buildActionMask = 2147483647;
			files = (
				F4E591CA9AEB7513F5423B60 /* Pods_News_365.framework in Frameworks */,
			);
			runOnlyForDeploymentPostprocessing = 0;
		};
		E2CE9F1E2A950E9D00A320E9 /* Frameworks */ = {
			isa = PBXFrameworksBuildPhase;
			buildActionMask = 2147483647;
			files = (
				9D2371F733270456BA977188 /* Pods_News_365Tests.framework in Frameworks */,
			);
			runOnlyForDeploymentPostprocessing = 0;
		};
		E2CE9F282A950E9D00A320E9 /* Frameworks */ = {
			isa = PBXFrameworksBuildPhase;
			buildActionMask = 2147483647;
			files = (
				3C7B73674E009A4BE809C097 /* Pods_News_365_News_365UITests.framework in Frameworks */,
			);
			runOnlyForDeploymentPostprocessing = 0;
		};
/* End PBXFrameworksBuildPhase section */

/* Begin PBXGroup section */
		018D8FE083C3ADBE8D3FAC7C /* Pods */ = {
			isa = PBXGroup;
			children = (
				028392AA1B7D9D5F93443EB5 /* Pods-News-365.debug.xcconfig */,
				D5EF342B1C12ACF656820723 /* Pods-News-365.release.xcconfig */,
				1C0EADC9F3F92F6FC92F1019 /* Pods-News-365-News-365UITests.debug.xcconfig */,
				522AF0DDB6FCB212065F08A9 /* Pods-News-365-News-365UITests.release.xcconfig */,
				04B8EDBFCB343FB3673A2EB1 /* Pods-News-365Tests.debug.xcconfig */,
				AD6798510EE0DA7F28F52C7F /* Pods-News-365Tests.release.xcconfig */,
			);
			path = Pods;
			sourceTree = "<group>";
		};
		9A595B4245097B6D65BEE256 /* Frameworks */ = {
			isa = PBXGroup;
			children = (
				246F8FE958D8D86A939ABD6E /* Pods_News_365.framework */,
				B51ED981A56AB04964F6727D /* Pods_News_365_News_365UITests.framework */,
				BADB856012A870743E2E77FD /* Pods_News_365Tests.framework */,
			);
			name = Frameworks;
			sourceTree = "<group>";
		};
		E2CE9EFF2A950E9900A320E9 = {
			isa = PBXGroup;
			children = (
				E2CE9F0A2A950E9900A320E9 /* News-365 */,
				E2CE9F242A950E9D00A320E9 /* News-365Tests */,
				E2CE9F2E2A950E9D00A320E9 /* News-365UITests */,
				E2CE9F092A950E9900A320E9 /* Products */,
				018D8FE083C3ADBE8D3FAC7C /* Pods */,
				9A595B4245097B6D65BEE256 /* Frameworks */,
			);
			sourceTree = "<group>";
		};
		E2CE9F092A950E9900A320E9 /* Products */ = {
			isa = PBXGroup;
			children = (
				E2CE9F082A950E9900A320E9 /* News-365.app */,
				E2CE9F212A950E9D00A320E9 /* News-365Tests.xctest */,
				E2CE9F2B2A950E9D00A320E9 /* News-365UITests.xctest */,
			);
			name = Products;
			sourceTree = "<group>";
		};
		E2CE9F0A2A950E9900A320E9 /* News-365 */ = {
			isa = PBXGroup;
			children = (
				E2CE9F1C2A950E9C00A320E9 /* Info.plist */,
				E2CE9F452A952A8F00A320E9 /* Domain */,
				E2CE9F442A952A2100A320E9 /* Data */,
				E2CE9F3F2A9529BA00A320E9 /* Presentation */,
				E2CE9F3E2A9529A100A320E9 /* Application */,
			);
			path = "News-365";
			sourceTree = "<group>";
		};
		E2CE9F242A950E9D00A320E9 /* News-365Tests */ = {
			isa = PBXGroup;
			children = (
				E2CE9F252A950E9D00A320E9 /* News_365Tests.swift */,
			);
			path = "News-365Tests";
			sourceTree = "<group>";
		};
		E2CE9F2E2A950E9D00A320E9 /* News-365UITests */ = {
			isa = PBXGroup;
			children = (
				E2CE9F2F2A950E9D00A320E9 /* News_365UITests.swift */,
				E2CE9F312A950E9D00A320E9 /* News_365UITestsLaunchTests.swift */,
			);
			path = "News-365UITests";
			sourceTree = "<group>";
		};
		E2CE9F3E2A9529A100A320E9 /* Application */ = {
			isa = PBXGroup;
			children = (
				E2CE9F512A953BBC00A320E9 /* Configuration */,
				E2CE9F4E2A953B4900A320E9 /* Resources */,
				E2CE9F4D2A953B2100A320E9 /* Core */,
			);
			path = Application;
			sourceTree = "<group>";
		};
		E2CE9F3F2A9529BA00A320E9 /* Presentation */ = {
			isa = PBXGroup;
			children = (
				E2CE9F412A9529D100A320E9 /* ViewModel */,
				E2CE9F402A9529CB00A320E9 /* View */,
			);
			path = Presentation;
			sourceTree = "<group>";
		};
		E2CE9F402A9529CB00A320E9 /* View */ = {
			isa = PBXGroup;
			children = (
				E2CE9F432A9529FB00A320E9 /* ViewController */,
				E2CE9F422A9529E300A320E9 /* Storyboard */,
			);
			path = View;
			sourceTree = "<group>";
		};
		E2CE9F412A9529D100A320E9 /* ViewModel */ = {
			isa = PBXGroup;
			children = (
			);
			path = ViewModel;
			sourceTree = "<group>";
		};
		E2CE9F422A9529E300A320E9 /* Storyboard */ = {
			isa = PBXGroup;
			children = (
				E2CE9F112A950E9900A320E9 /* Main.storyboard */,
				E2CE9F192A950E9C00A320E9 /* LaunchScreen.storyboard */,
			);
			path = Storyboard;
			sourceTree = "<group>";
		};
		E2CE9F432A9529FB00A320E9 /* ViewController */ = {
			isa = PBXGroup;
			children = (
				E2CE9F0F2A950E9900A320E9 /* ViewController.swift */,
			);
			path = ViewController;
			sourceTree = "<group>";
		};
		E2CE9F442A952A2100A320E9 /* Data */ = {
			isa = PBXGroup;
			children = (
				E2CE9F4B2A952B1300A320E9 /* Local */,
				E2CE9F4A2A952B0600A320E9 /* Networking */,
				E2CE9F492A952AEF00A320E9 /* Repositories */,
			);
			path = Data;
			sourceTree = "<group>";
		};
		E2CE9F452A952A8F00A320E9 /* Domain */ = {
			isa = PBXGroup;
			children = (
				E2CE9F482A952AC300A320E9 /* Repositories Prorocols */,
				E2CE9F472A952AAA00A320E9 /* UseCases */,
				E2CE9F462A952A9B00A320E9 /* Entities */,
			);
			path = Domain;
			sourceTree = "<group>";
		};
		E2CE9F462A952A9B00A320E9 /* Entities */ = {
			isa = PBXGroup;
			children = (
				E207F1472A96B7CE00E8EF58 /* Artical.swift */,
				E207F1492A96B7DC00E8EF58 /* News.swift */,
				E207F14D2A96B7FA00E8EF58 /* Source.swift */,
			);
			path = Entities;
			sourceTree = "<group>";
		};
		E2CE9F472A952AAA00A320E9 /* UseCases */ = {
			isa = PBXGroup;
			children = (
			);
			path = UseCases;
			sourceTree = "<group>";
		};
		E2CE9F482A952AC300A320E9 /* Repositories Prorocols */ = {
			isa = PBXGroup;
			children = (
			);
			path = "Repositories Prorocols";
			sourceTree = "<group>";
		};
		E2CE9F492A952AEF00A320E9 /* Repositories */ = {
			isa = PBXGroup;
			children = (
			);
			path = Repositories;
			sourceTree = "<group>";
		};
		E2CE9F4A2A952B0600A320E9 /* Networking */ = {
			isa = PBXGroup;
			children = (
			);
			path = Networking;
			sourceTree = "<group>";
		};
		E2CE9F4B2A952B1300A320E9 /* Local */ = {
			isa = PBXGroup;
			children = (
				E2CE9F4C2A952B4000A320E9 /* CoreData */,
			);
			path = Local;
			sourceTree = "<group>";
		};
		E2CE9F4C2A952B4000A320E9 /* CoreData */ = {
			isa = PBXGroup;
			children = (
				E2CE9F142A950E9900A320E9 /* News_365.xcdatamodeld */,
			);
			path = CoreData;
			sourceTree = "<group>";
		};
		E2CE9F4D2A953B2100A320E9 /* Core */ = {
			isa = PBXGroup;
			children = (
				E2CE9F0B2A950E9900A320E9 /* AppDelegate.swift */,
				E2CE9F0D2A950E9900A320E9 /* SceneDelegate.swift */,
			);
			path = Core;
			sourceTree = "<group>";
		};
		E2CE9F4E2A953B4900A320E9 /* Resources */ = {
			isa = PBXGroup;
			children = (
				E2CE9F4F2A953B5700A320E9 /* Font */,
				E2CE9F172A950E9C00A320E9 /* Assets.xcassets */,
			);
			path = Resources;
			sourceTree = "<group>";
		};
		E2CE9F4F2A953B5700A320E9 /* Font */ = {
			isa = PBXGroup;
			children = (
			);
			path = Font;
			sourceTree = "<group>";
		};
		E2CE9F512A953BBC00A320E9 /* Configuration */ = {
			isa = PBXGroup;
			children = (
			);
			path = Configuration;
			sourceTree = "<group>";
		};
/* End PBXGroup section */

/* Begin PBXNativeTarget section */
		E2CE9F072A950E9900A320E9 /* News-365 */ = {
			isa = PBXNativeTarget;
			buildConfigurationList = E2CE9F352A950E9D00A320E9 /* Build configuration list for PBXNativeTarget "News-365" */;
			buildPhases = (
				74F652383011CB3C37B15AAF /* [CP] Check Pods Manifest.lock */,
				E2CE9F042A950E9900A320E9 /* Sources */,
				E2CE9F052A950E9900A320E9 /* Frameworks */,
				E2CE9F062A950E9900A320E9 /* Resources */,
				601A6B6774BBBA9C3BE0D86C /* [CP] Embed Pods Frameworks */,
			);
			buildRules = (
			);
			dependencies = (
			);
			name = "News-365";
			productName = "News-365";
			productReference = E2CE9F082A950E9900A320E9 /* News-365.app */;
			productType = "com.apple.product-type.application";
		};
		E2CE9F202A950E9D00A320E9 /* News-365Tests */ = {
			isa = PBXNativeTarget;
			buildConfigurationList = E2CE9F382A950E9D00A320E9 /* Build configuration list for PBXNativeTarget "News-365Tests" */;
			buildPhases = (
				7AC3F20986466ABCA76131A2 /* [CP] Check Pods Manifest.lock */,
				E2CE9F1D2A950E9D00A320E9 /* Sources */,
				E2CE9F1E2A950E9D00A320E9 /* Frameworks */,
				E2CE9F1F2A950E9D00A320E9 /* Resources */,
			);
			buildRules = (
			);
			dependencies = (
				E2CE9F232A950E9D00A320E9 /* PBXTargetDependency */,
			);
			name = "News-365Tests";
			productName = "News-365Tests";
			productReference = E2CE9F212A950E9D00A320E9 /* News-365Tests.xctest */;
			productType = "com.apple.product-type.bundle.unit-test";
		};
		E2CE9F2A2A950E9D00A320E9 /* News-365UITests */ = {
			isa = PBXNativeTarget;
			buildConfigurationList = E2CE9F3B2A950E9D00A320E9 /* Build configuration list for PBXNativeTarget "News-365UITests" */;
			buildPhases = (
				20D517AE72F344020274F98D /* [CP] Check Pods Manifest.lock */,
				E2CE9F272A950E9D00A320E9 /* Sources */,
				E2CE9F282A950E9D00A320E9 /* Frameworks */,
				E2CE9F292A950E9D00A320E9 /* Resources */,
				C29DCF8F8AF8B984AF1ED9DF /* [CP] Embed Pods Frameworks */,
			);
			buildRules = (
			);
			dependencies = (
				E2CE9F2D2A950E9D00A320E9 /* PBXTargetDependency */,
			);
			name = "News-365UITests";
			productName = "News-365UITests";
			productReference = E2CE9F2B2A950E9D00A320E9 /* News-365UITests.xctest */;
			productType = "com.apple.product-type.bundle.ui-testing";
		};
/* End PBXNativeTarget section */

/* Begin PBXProject section */
		E2CE9F002A950E9900A320E9 /* Project object */ = {
			isa = PBXProject;
			attributes = {
				BuildIndependentTargetsInParallel = 1;
				LastSwiftUpdateCheck = 1420;
				LastUpgradeCheck = 1420;
				TargetAttributes = {
					E2CE9F072A950E9900A320E9 = {
						CreatedOnToolsVersion = 14.2;
					};
					E2CE9F202A950E9D00A320E9 = {
						CreatedOnToolsVersion = 14.2;
						TestTargetID = E2CE9F072A950E9900A320E9;
					};
					E2CE9F2A2A950E9D00A320E9 = {
						CreatedOnToolsVersion = 14.2;
						TestTargetID = E2CE9F072A950E9900A320E9;
					};
				};
			};
			buildConfigurationList = E2CE9F032A950E9900A320E9 /* Build configuration list for PBXProject "News-365" */;
			compatibilityVersion = "Xcode 14.0";
			developmentRegion = en;
			hasScannedForEncodings = 0;
			knownRegions = (
				en,
				Base,
			);
			mainGroup = E2CE9EFF2A950E9900A320E9;
			productRefGroup = E2CE9F092A950E9900A320E9 /* Products */;
			projectDirPath = "";
			projectRoot = "";
			targets = (
				E2CE9F072A950E9900A320E9 /* News-365 */,
				E2CE9F202A950E9D00A320E9 /* News-365Tests */,
				E2CE9F2A2A950E9D00A320E9 /* News-365UITests */,
			);
		};
/* End PBXProject section */

/* Begin PBXResourcesBuildPhase section */
		E2CE9F062A950E9900A320E9 /* Resources */ = {
			isa = PBXResourcesBuildPhase;
			buildActionMask = 2147483647;
			files = (
				E2CE9F1B2A950E9C00A320E9 /* LaunchScreen.storyboard in Resources */,
				E2CE9F182A950E9C00A320E9 /* Assets.xcassets in Resources */,
				E2CE9F132A950E9900A320E9 /* Main.storyboard in Resources */,
			);
			runOnlyForDeploymentPostprocessing = 0;
		};
		E2CE9F1F2A950E9D00A320E9 /* Resources */ = {
			isa = PBXResourcesBuildPhase;
			buildActionMask = 2147483647;
			files = (
			);
			runOnlyForDeploymentPostprocessing = 0;
		};
		E2CE9F292A950E9D00A320E9 /* Resources */ = {
			isa = PBXResourcesBuildPhase;
			buildActionMask = 2147483647;
			files = (
			);
			runOnlyForDeploymentPostprocessing = 0;
		};
/* End PBXResourcesBuildPhase section */

/* Begin PBXShellScriptBuildPhase section */
		20D517AE72F344020274F98D /* [CP] Check Pods Manifest.lock */ = {
			isa = PBXShellScriptBuildPhase;
			buildActionMask = 2147483647;
			files = (
			);
			inputFileListPaths = (
			);
			inputPaths = (
				"${PODS_PODFILE_DIR_PATH}/Podfile.lock",
				"${PODS_ROOT}/Manifest.lock",
			);
			name = "[CP] Check Pods Manifest.lock";
			outputFileListPaths = (
			);
			outputPaths = (
				"$(DERIVED_FILE_DIR)/Pods-News-365-News-365UITests-checkManifestLockResult.txt",
			);
			runOnlyForDeploymentPostprocessing = 0;
			shellPath = /bin/sh;
			shellScript = "diff \"${PODS_PODFILE_DIR_PATH}/Podfile.lock\" \"${PODS_ROOT}/Manifest.lock\" > /dev/null\nif [ $? != 0 ] ; then\n    # print error to STDERR\n    echo \"error: The sandbox is not in sync with the Podfile.lock. Run 'pod install' or update your CocoaPods installation.\" >&2\n    exit 1\nfi\n# This output is used by Xcode 'outputs' to avoid re-running this script phase.\necho \"SUCCESS\" > \"${SCRIPT_OUTPUT_FILE_0}\"\n";
			showEnvVarsInLog = 0;
		};
		601A6B6774BBBA9C3BE0D86C /* [CP] Embed Pods Frameworks */ = {
			isa = PBXShellScriptBuildPhase;
			buildActionMask = 2147483647;
			files = (
			);
			inputFileListPaths = (
				"${PODS_ROOT}/Target Support Files/Pods-News-365/Pods-News-365-frameworks-${CONFIGURATION}-input-files.xcfilelist",
			);
			name = "[CP] Embed Pods Frameworks";
			outputFileListPaths = (
				"${PODS_ROOT}/Target Support Files/Pods-News-365/Pods-News-365-frameworks-${CONFIGURATION}-output-files.xcfilelist",
			);
			runOnlyForDeploymentPostprocessing = 0;
			shellPath = /bin/sh;
			shellScript = "\"${PODS_ROOT}/Target Support Files/Pods-News-365/Pods-News-365-frameworks.sh\"\n";
			showEnvVarsInLog = 0;
		};
		74F652383011CB3C37B15AAF /* [CP] Check Pods Manifest.lock */ = {
			isa = PBXShellScriptBuildPhase;
			buildActionMask = 2147483647;
			files = (
			);
			inputFileListPaths = (
			);
			inputPaths = (
				"${PODS_PODFILE_DIR_PATH}/Podfile.lock",
				"${PODS_ROOT}/Manifest.lock",
			);
			name = "[CP] Check Pods Manifest.lock";
			outputFileListPaths = (
			);
			outputPaths = (
				"$(DERIVED_FILE_DIR)/Pods-News-365-checkManifestLockResult.txt",
			);
			runOnlyForDeploymentPostprocessing = 0;
			shellPath = /bin/sh;
			shellScript = "diff \"${PODS_PODFILE_DIR_PATH}/Podfile.lock\" \"${PODS_ROOT}/Manifest.lock\" > /dev/null\nif [ $? != 0 ] ; then\n    # print error to STDERR\n    echo \"error: The sandbox is not in sync with the Podfile.lock. Run 'pod install' or update your CocoaPods installation.\" >&2\n    exit 1\nfi\n# This output is used by Xcode 'outputs' to avoid re-running this script phase.\necho \"SUCCESS\" > \"${SCRIPT_OUTPUT_FILE_0}\"\n";
			showEnvVarsInLog = 0;
		};
		7AC3F20986466ABCA76131A2 /* [CP] Check Pods Manifest.lock */ = {
			isa = PBXShellScriptBuildPhase;
			buildActionMask = 2147483647;
			files = (
			);
			inputFileListPaths = (
			);
			inputPaths = (
				"${PODS_PODFILE_DIR_PATH}/Podfile.lock",
				"${PODS_ROOT}/Manifest.lock",
			);
			name = "[CP] Check Pods Manifest.lock";
			outputFileListPaths = (
			);
			outputPaths = (
				"$(DERIVED_FILE_DIR)/Pods-News-365Tests-checkManifestLockResult.txt",
			);
			runOnlyForDeploymentPostprocessing = 0;
			shellPath = /bin/sh;
			shellScript = "diff \"${PODS_PODFILE_DIR_PATH}/Podfile.lock\" \"${PODS_ROOT}/Manifest.lock\" > /dev/null\nif [ $? != 0 ] ; then\n    # print error to STDERR\n    echo \"error: The sandbox is not in sync with the Podfile.lock. Run 'pod install' or update your CocoaPods installation.\" >&2\n    exit 1\nfi\n# This output is used by Xcode 'outputs' to avoid re-running this script phase.\necho \"SUCCESS\" > \"${SCRIPT_OUTPUT_FILE_0}\"\n";
			showEnvVarsInLog = 0;
		};
		C29DCF8F8AF8B984AF1ED9DF /* [CP] Embed Pods Frameworks */ = {
			isa = PBXShellScriptBuildPhase;
			buildActionMask = 2147483647;
			files = (
			);
			inputFileListPaths = (
				"${PODS_ROOT}/Target Support Files/Pods-News-365-News-365UITests/Pods-News-365-News-365UITests-frameworks-${CONFIGURATION}-input-files.xcfilelist",
			);
			name = "[CP] Embed Pods Frameworks";
			outputFileListPaths = (
				"${PODS_ROOT}/Target Support Files/Pods-News-365-News-365UITests/Pods-News-365-News-365UITests-frameworks-${CONFIGURATION}-output-files.xcfilelist",
			);
			runOnlyForDeploymentPostprocessing = 0;
			shellPath = /bin/sh;
			shellScript = "\"${PODS_ROOT}/Target Support Files/Pods-News-365-News-365UITests/Pods-News-365-News-365UITests-frameworks.sh\"\n";
			showEnvVarsInLog = 0;
		};
/* End PBXShellScriptBuildPhase section */

/* Begin PBXSourcesBuildPhase section */
		E2CE9F042A950E9900A320E9 /* Sources */ = {
			isa = PBXSourcesBuildPhase;
			buildActionMask = 2147483647;
			files = (
				E207F14A2A96B7DC00E8EF58 /* News.swift in Sources */,
				E207F1482A96B7CE00E8EF58 /* Artical.swift in Sources */,
				E2CE9F102A950E9900A320E9 /* ViewController.swift in Sources */,
				E207F14E2A96B7FA00E8EF58 /* Source.swift in Sources */,
				E2CE9F0C2A950E9900A320E9 /* AppDelegate.swift in Sources */,
				E2CE9F0E2A950E9900A320E9 /* SceneDelegate.swift in Sources */,
				E2CE9F162A950E9900A320E9 /* News_365.xcdatamodeld in Sources */,
			);
			runOnlyForDeploymentPostprocessing = 0;
		};
		E2CE9F1D2A950E9D00A320E9 /* Sources */ = {
			isa = PBXSourcesBuildPhase;
			buildActionMask = 2147483647;
			files = (
				E2CE9F262A950E9D00A320E9 /* News_365Tests.swift in Sources */,
			);
			runOnlyForDeploymentPostprocessing = 0;
		};
		E2CE9F272A950E9D00A320E9 /* Sources */ = {
			isa = PBXSourcesBuildPhase;
			buildActionMask = 2147483647;
			files = (
				E2CE9F322A950E9D00A320E9 /* News_365UITestsLaunchTests.swift in Sources */,
				E2CE9F302A950E9D00A320E9 /* News_365UITests.swift in Sources */,
			);
			runOnlyForDeploymentPostprocessing = 0;
		};
/* End PBXSourcesBuildPhase section */

/* Begin PBXTargetDependency section */
		E2CE9F232A950E9D00A320E9 /* PBXTargetDependency */ = {
			isa = PBXTargetDependency;
			target = E2CE9F072A950E9900A320E9 /* News-365 */;
			targetProxy = E2CE9F222A950E9D00A320E9 /* PBXContainerItemProxy */;
		};
		E2CE9F2D2A950E9D00A320E9 /* PBXTargetDependency */ = {
			isa = PBXTargetDependency;
			target = E2CE9F072A950E9900A320E9 /* News-365 */;
			targetProxy = E2CE9F2C2A950E9D00A320E9 /* PBXContainerItemProxy */;
		};
/* End PBXTargetDependency section */

/* Begin PBXVariantGroup section */
		E2CE9F112A950E9900A320E9 /* Main.storyboard */ = {
			isa = PBXVariantGroup;
			children = (
				E2CE9F122A950E9900A320E9 /* Base */,
			);
			name = Main.storyboard;
			sourceTree = "<group>";
		};
		E2CE9F192A950E9C00A320E9 /* LaunchScreen.storyboard */ = {
			isa = PBXVariantGroup;
			children = (
				E2CE9F1A2A950E9C00A320E9 /* Base */,
			);
			name = LaunchScreen.storyboard;
			sourceTree = "<group>";
		};
/* End PBXVariantGroup section */

/* Begin XCBuildConfiguration section */
		E2CE9F332A950E9D00A320E9 /* Debug */ = {
			isa = XCBuildConfiguration;
			buildSettings = {
				ALWAYS_SEARCH_USER_PATHS = NO;
				CLANG_ANALYZER_NONNULL = YES;
				CLANG_ANALYZER_NUMBER_OBJECT_CONVERSION = YES_AGGRESSIVE;
				CLANG_CXX_LANGUAGE_STANDARD = "gnu++20";
				CLANG_ENABLE_MODULES = YES;
				CLANG_ENABLE_OBJC_ARC = YES;
				CLANG_ENABLE_OBJC_WEAK = YES;
				CLANG_WARN_BLOCK_CAPTURE_AUTORELEASING = YES;
				CLANG_WARN_BOOL_CONVERSION = YES;
				CLANG_WARN_COMMA = YES;
				CLANG_WARN_CONSTANT_CONVERSION = YES;
				CLANG_WARN_DEPRECATED_OBJC_IMPLEMENTATIONS = YES;
				CLANG_WARN_DIRECT_OBJC_ISA_USAGE = YES_ERROR;
				CLANG_WARN_DOCUMENTATION_COMMENTS = YES;
				CLANG_WARN_EMPTY_BODY = YES;
				CLANG_WARN_ENUM_CONVERSION = YES;
				CLANG_WARN_INFINITE_RECURSION = YES;
				CLANG_WARN_INT_CONVERSION = YES;
				CLANG_WARN_NON_LITERAL_NULL_CONVERSION = YES;
				CLANG_WARN_OBJC_IMPLICIT_RETAIN_SELF = YES;
				CLANG_WARN_OBJC_LITERAL_CONVERSION = YES;
				CLANG_WARN_OBJC_ROOT_CLASS = YES_ERROR;
				CLANG_WARN_QUOTED_INCLUDE_IN_FRAMEWORK_HEADER = YES;
				CLANG_WARN_RANGE_LOOP_ANALYSIS = YES;
				CLANG_WARN_STRICT_PROTOTYPES = YES;
				CLANG_WARN_SUSPICIOUS_MOVE = YES;
				CLANG_WARN_UNGUARDED_AVAILABILITY = YES_AGGRESSIVE;
				CLANG_WARN_UNREACHABLE_CODE = YES;
				CLANG_WARN__DUPLICATE_METHOD_MATCH = YES;
				COPY_PHASE_STRIP = NO;
				DEBUG_INFORMATION_FORMAT = dwarf;
				ENABLE_STRICT_OBJC_MSGSEND = YES;
				ENABLE_TESTABILITY = YES;
				GCC_C_LANGUAGE_STANDARD = gnu11;
				GCC_DYNAMIC_NO_PIC = NO;
				GCC_NO_COMMON_BLOCKS = YES;
				GCC_OPTIMIZATION_LEVEL = 0;
				GCC_PREPROCESSOR_DEFINITIONS = (
					"DEBUG=1",
					"$(inherited)",
				);
				GCC_WARN_64_TO_32_BIT_CONVERSION = YES;
				GCC_WARN_ABOUT_RETURN_TYPE = YES_ERROR;
				GCC_WARN_UNDECLARED_SELECTOR = YES;
				GCC_WARN_UNINITIALIZED_AUTOS = YES_AGGRESSIVE;
				GCC_WARN_UNUSED_FUNCTION = YES;
				GCC_WARN_UNUSED_VARIABLE = YES;
				IPHONEOS_DEPLOYMENT_TARGET = 16.2;
				MTL_ENABLE_DEBUG_INFO = INCLUDE_SOURCE;
				MTL_FAST_MATH = YES;
				ONLY_ACTIVE_ARCH = YES;
				SDKROOT = iphoneos;
				SWIFT_ACTIVE_COMPILATION_CONDITIONS = DEBUG;
				SWIFT_OPTIMIZATION_LEVEL = "-Onone";
			};
			name = Debug;
		};
		E2CE9F342A950E9D00A320E9 /* Release */ = {
			isa = XCBuildConfiguration;
			buildSettings = {
				ALWAYS_SEARCH_USER_PATHS = NO;
				CLANG_ANALYZER_NONNULL = YES;
				CLANG_ANALYZER_NUMBER_OBJECT_CONVERSION = YES_AGGRESSIVE;
				CLANG_CXX_LANGUAGE_STANDARD = "gnu++20";
				CLANG_ENABLE_MODULES = YES;
				CLANG_ENABLE_OBJC_ARC = YES;
				CLANG_ENABLE_OBJC_WEAK = YES;
				CLANG_WARN_BLOCK_CAPTURE_AUTORELEASING = YES;
				CLANG_WARN_BOOL_CONVERSION = YES;
				CLANG_WARN_COMMA = YES;
				CLANG_WARN_CONSTANT_CONVERSION = YES;
				CLANG_WARN_DEPRECATED_OBJC_IMPLEMENTATIONS = YES;
				CLANG_WARN_DIRECT_OBJC_ISA_USAGE = YES_ERROR;
				CLANG_WARN_DOCUMENTATION_COMMENTS = YES;
				CLANG_WARN_EMPTY_BODY = YES;
				CLANG_WARN_ENUM_CONVERSION = YES;
				CLANG_WARN_INFINITE_RECURSION = YES;
				CLANG_WARN_INT_CONVERSION = YES;
				CLANG_WARN_NON_LITERAL_NULL_CONVERSION = YES;
				CLANG_WARN_OBJC_IMPLICIT_RETAIN_SELF = YES;
				CLANG_WARN_OBJC_LITERAL_CONVERSION = YES;
				CLANG_WARN_OBJC_ROOT_CLASS = YES_ERROR;
				CLANG_WARN_QUOTED_INCLUDE_IN_FRAMEWORK_HEADER = YES;
				CLANG_WARN_RANGE_LOOP_ANALYSIS = YES;
				CLANG_WARN_STRICT_PROTOTYPES = YES;
				CLANG_WARN_SUSPICIOUS_MOVE = YES;
				CLANG_WARN_UNGUARDED_AVAILABILITY = YES_AGGRESSIVE;
				CLANG_WARN_UNREACHABLE_CODE = YES;
				CLANG_WARN__DUPLICATE_METHOD_MATCH = YES;
				COPY_PHASE_STRIP = NO;
				DEBUG_INFORMATION_FORMAT = "dwarf-with-dsym";
				ENABLE_NS_ASSERTIONS = NO;
				ENABLE_STRICT_OBJC_MSGSEND = YES;
				GCC_C_LANGUAGE_STANDARD = gnu11;
				GCC_NO_COMMON_BLOCKS = YES;
				GCC_WARN_64_TO_32_BIT_CONVERSION = YES;
				GCC_WARN_ABOUT_RETURN_TYPE = YES_ERROR;
				GCC_WARN_UNDECLARED_SELECTOR = YES;
				GCC_WARN_UNINITIALIZED_AUTOS = YES_AGGRESSIVE;
				GCC_WARN_UNUSED_FUNCTION = YES;
				GCC_WARN_UNUSED_VARIABLE = YES;
				IPHONEOS_DEPLOYMENT_TARGET = 16.2;
				MTL_ENABLE_DEBUG_INFO = NO;
				MTL_FAST_MATH = YES;
				SDKROOT = iphoneos;
				SWIFT_COMPILATION_MODE = wholemodule;
				SWIFT_OPTIMIZATION_LEVEL = "-O";
				VALIDATE_PRODUCT = YES;
			};
			name = Release;
		};
		E2CE9F362A950E9D00A320E9 /* Debug */ = {
			isa = XCBuildConfiguration;
			baseConfigurationReference = 028392AA1B7D9D5F93443EB5 /* Pods-News-365.debug.xcconfig */;
			buildSettings = {
				ASSETCATALOG_COMPILER_APPICON_NAME = AppIcon;
				ASSETCATALOG_COMPILER_GLOBAL_ACCENT_COLOR_NAME = AccentColor;
				CODE_SIGN_STYLE = Automatic;
				CURRENT_PROJECT_VERSION = 1;
				DEVELOPMENT_TEAM = FW278M9LJ4;
				GENERATE_INFOPLIST_FILE = YES;
				INFOPLIST_FILE = "News-365/Info.plist";
				INFOPLIST_KEY_UIApplicationSupportsIndirectInputEvents = YES;
				INFOPLIST_KEY_UILaunchStoryboardName = LaunchScreen;
				INFOPLIST_KEY_UIMainStoryboardFile = Main;
				INFOPLIST_KEY_UISupportedInterfaceOrientations_iPad = "UIInterfaceOrientationPortrait UIInterfaceOrientationPortraitUpsideDown UIInterfaceOrientationLandscapeLeft UIInterfaceOrientationLandscapeRight";
				INFOPLIST_KEY_UISupportedInterfaceOrientations_iPhone = "UIInterfaceOrientationPortrait UIInterfaceOrientationLandscapeLeft UIInterfaceOrientationLandscapeRight";
				LD_RUNPATH_SEARCH_PATHS = (
					"$(inherited)",
					"@executable_path/Frameworks",
				);
				MARKETING_VERSION = 1.0;
				PRODUCT_BUNDLE_IDENTIFIER = "Maamoun.News-365";
				PRODUCT_NAME = "$(TARGET_NAME)";
				SWIFT_EMIT_LOC_STRINGS = YES;
				SWIFT_VERSION = 5.0;
				TARGETED_DEVICE_FAMILY = "1,2";
			};
			name = Debug;
		};
		E2CE9F372A950E9D00A320E9 /* Release */ = {
			isa = XCBuildConfiguration;
			baseConfigurationReference = D5EF342B1C12ACF656820723 /* Pods-News-365.release.xcconfig */;
			buildSettings = {
				ASSETCATALOG_COMPILER_APPICON_NAME = AppIcon;
				ASSETCATALOG_COMPILER_GLOBAL_ACCENT_COLOR_NAME = AccentColor;
				CODE_SIGN_STYLE = Automatic;
				CURRENT_PROJECT_VERSION = 1;
				DEVELOPMENT_TEAM = FW278M9LJ4;
				GENERATE_INFOPLIST_FILE = YES;
				INFOPLIST_FILE = "News-365/Info.plist";
				INFOPLIST_KEY_UIApplicationSupportsIndirectInputEvents = YES;
				INFOPLIST_KEY_UILaunchStoryboardName = LaunchScreen;
				INFOPLIST_KEY_UIMainStoryboardFile = Main;
				INFOPLIST_KEY_UISupportedInterfaceOrientations_iPad = "UIInterfaceOrientationPortrait UIInterfaceOrientationPortraitUpsideDown UIInterfaceOrientationLandscapeLeft UIInterfaceOrientationLandscapeRight";
				INFOPLIST_KEY_UISupportedInterfaceOrientations_iPhone = "UIInterfaceOrientationPortrait UIInterfaceOrientationLandscapeLeft UIInterfaceOrientationLandscapeRight";
				LD_RUNPATH_SEARCH_PATHS = (
					"$(inherited)",
					"@executable_path/Frameworks",
				);
				MARKETING_VERSION = 1.0;
				PRODUCT_BUNDLE_IDENTIFIER = "Maamoun.News-365";
				PRODUCT_NAME = "$(TARGET_NAME)";
				SWIFT_EMIT_LOC_STRINGS = YES;
				SWIFT_VERSION = 5.0;
				TARGETED_DEVICE_FAMILY = "1,2";
			};
			name = Release;
		};
		E2CE9F392A950E9D00A320E9 /* Debug */ = {
			isa = XCBuildConfiguration;
			baseConfigurationReference = 04B8EDBFCB343FB3673A2EB1 /* Pods-News-365Tests.debug.xcconfig */;
			buildSettings = {
				ALWAYS_EMBED_SWIFT_STANDARD_LIBRARIES = YES;
				BUNDLE_LOADER = "$(TEST_HOST)";
				CODE_SIGN_STYLE = Automatic;
				CURRENT_PROJECT_VERSION = 1;
				DEVELOPMENT_TEAM = FW278M9LJ4;
				GENERATE_INFOPLIST_FILE = YES;
				IPHONEOS_DEPLOYMENT_TARGET = 16.2;
				MARKETING_VERSION = 1.0;
				PRODUCT_BUNDLE_IDENTIFIER = "Maamoun.News-365Tests";
				PRODUCT_NAME = "$(TARGET_NAME)";
				SWIFT_EMIT_LOC_STRINGS = NO;
				SWIFT_VERSION = 5.0;
				TARGETED_DEVICE_FAMILY = "1,2";
				TEST_HOST = "$(BUILT_PRODUCTS_DIR)/News-365.app/$(BUNDLE_EXECUTABLE_FOLDER_PATH)/News-365";
			};
			name = Debug;
		};
		E2CE9F3A2A950E9D00A320E9 /* Release */ = {
			isa = XCBuildConfiguration;
			baseConfigurationReference = AD6798510EE0DA7F28F52C7F /* Pods-News-365Tests.release.xcconfig */;
			buildSettings = {
				ALWAYS_EMBED_SWIFT_STANDARD_LIBRARIES = YES;
				BUNDLE_LOADER = "$(TEST_HOST)";
				CODE_SIGN_STYLE = Automatic;
				CURRENT_PROJECT_VERSION = 1;
				DEVELOPMENT_TEAM = FW278M9LJ4;
				GENERATE_INFOPLIST_FILE = YES;
				IPHONEOS_DEPLOYMENT_TARGET = 16.2;
				MARKETING_VERSION = 1.0;
				PRODUCT_BUNDLE_IDENTIFIER = "Maamoun.News-365Tests";
				PRODUCT_NAME = "$(TARGET_NAME)";
				SWIFT_EMIT_LOC_STRINGS = NO;
				SWIFT_VERSION = 5.0;
				TARGETED_DEVICE_FAMILY = "1,2";
				TEST_HOST = "$(BUILT_PRODUCTS_DIR)/News-365.app/$(BUNDLE_EXECUTABLE_FOLDER_PATH)/News-365";
			};
			name = Release;
		};
		E2CE9F3C2A950E9D00A320E9 /* Debug */ = {
			isa = XCBuildConfiguration;
			baseConfigurationReference = 1C0EADC9F3F92F6FC92F1019 /* Pods-News-365-News-365UITests.debug.xcconfig */;
			buildSettings = {
				ALWAYS_EMBED_SWIFT_STANDARD_LIBRARIES = YES;
				CODE_SIGN_STYLE = Automatic;
				CURRENT_PROJECT_VERSION = 1;
				DEVELOPMENT_TEAM = FW278M9LJ4;
				GENERATE_INFOPLIST_FILE = YES;
				MARKETING_VERSION = 1.0;
				PRODUCT_BUNDLE_IDENTIFIER = "Maamoun.News-365UITests";
				PRODUCT_NAME = "$(TARGET_NAME)";
				SWIFT_EMIT_LOC_STRINGS = NO;
				SWIFT_VERSION = 5.0;
				TARGETED_DEVICE_FAMILY = "1,2";
				TEST_TARGET_NAME = "News-365";
			};
			name = Debug;
		};
		E2CE9F3D2A950E9D00A320E9 /* Release */ = {
			isa = XCBuildConfiguration;
			baseConfigurationReference = 522AF0DDB6FCB212065F08A9 /* Pods-News-365-News-365UITests.release.xcconfig */;
			buildSettings = {
				ALWAYS_EMBED_SWIFT_STANDARD_LIBRARIES = YES;
				CODE_SIGN_STYLE = Automatic;
				CURRENT_PROJECT_VERSION = 1;
				DEVELOPMENT_TEAM = FW278M9LJ4;
				GENERATE_INFOPLIST_FILE = YES;
				MARKETING_VERSION = 1.0;
				PRODUCT_BUNDLE_IDENTIFIER = "Maamoun.News-365UITests";
				PRODUCT_NAME = "$(TARGET_NAME)";
				SWIFT_EMIT_LOC_STRINGS = NO;
				SWIFT_VERSION = 5.0;
				TARGETED_DEVICE_FAMILY = "1,2";
				TEST_TARGET_NAME = "News-365";
			};
			name = Release;
		};
/* End XCBuildConfiguration section */

/* Begin XCConfigurationList section */
		E2CE9F032A950E9900A320E9 /* Build configuration list for PBXProject "News-365" */ = {
			isa = XCConfigurationList;
			buildConfigurations = (
				E2CE9F332A950E9D00A320E9 /* Debug */,
				E2CE9F342A950E9D00A320E9 /* Release */,
			);
			defaultConfigurationIsVisible = 0;
			defaultConfigurationName = Release;
		};
		E2CE9F352A950E9D00A320E9 /* Build configuration list for PBXNativeTarget "News-365" */ = {
			isa = XCConfigurationList;
			buildConfigurations = (
				E2CE9F362A950E9D00A320E9 /* Debug */,
				E2CE9F372A950E9D00A320E9 /* Release */,
			);
			defaultConfigurationIsVisible = 0;
			defaultConfigurationName = Release;
		};
		E2CE9F382A950E9D00A320E9 /* Build configuration list for PBXNativeTarget "News-365Tests" */ = {
			isa = XCConfigurationList;
			buildConfigurations = (
				E2CE9F392A950E9D00A320E9 /* Debug */,
				E2CE9F3A2A950E9D00A320E9 /* Release */,
			);
			defaultConfigurationIsVisible = 0;
			defaultConfigurationName = Release;
		};
		E2CE9F3B2A950E9D00A320E9 /* Build configuration list for PBXNativeTarget "News-365UITests" */ = {
			isa = XCConfigurationList;
			buildConfigurations = (
				E2CE9F3C2A950E9D00A320E9 /* Debug */,
				E2CE9F3D2A950E9D00A320E9 /* Release */,
			);
			defaultConfigurationIsVisible = 0;
			defaultConfigurationName = Release;
		};
/* End XCConfigurationList section */

/* Begin XCVersionGroup section */
		E2CE9F142A950E9900A320E9 /* News_365.xcdatamodeld */ = {
			isa = XCVersionGroup;
			children = (
				E2CE9F152A950E9900A320E9 /* News_365.xcdatamodel */,
			);
			currentVersion = E2CE9F152A950E9900A320E9 /* News_365.xcdatamodel */;
			path = News_365.xcdatamodeld;
			sourceTree = "<group>";
			versionGroupType = wrapper.xcdatamodel;
		};
/* End XCVersionGroup section */
	};
	rootObject = E2CE9F002A950E9900A320E9 /* Project object */;
}
